// !$*UTF8*$!
{
	archiveVersion = 1;
	classes = {
	};
	objectVersion = 50;
	objects = {

/* Begin PBXBuildFile section */
		E306732B2165028C0000161A /* AppDelegate.swift in Sources */ = {isa = PBXBuildFile; fileRef = E306732A2165028C0000161A /* AppDelegate.swift */; };
		E306732D2165028C0000161A /* ViewController.swift in Sources */ = {isa = PBXBuildFile; fileRef = E306732C2165028C0000161A /* ViewController.swift */; };
		E30673302165028C0000161A /* Main.storyboard in Resources */ = {isa = PBXBuildFile; fileRef = E306732E2165028C0000161A /* Main.storyboard */; };
		E30673322165028D0000161A /* Assets.xcassets in Resources */ = {isa = PBXBuildFile; fileRef = E30673312165028D0000161A /* Assets.xcassets */; };
		E30673352165028D0000161A /* LaunchScreen.storyboard in Resources */ = {isa = PBXBuildFile; fileRef = E30673332165028D0000161A /* LaunchScreen.storyboard */; };
		E306733D216502E80000161A /* CardView.swift in Sources */ = {isa = PBXBuildFile; fileRef = E306733C216502E80000161A /* CardView.swift */; };
		E30C55F12166599100366F91 /* Game.swift in Sources */ = {isa = PBXBuildFile; fileRef = E30C55EF2166599100366F91 /* Game.swift */; };
		E30C55F22166599100366F91 /* Card.swift in Sources */ = {isa = PBXBuildFile; fileRef = E30C55F02166599100366F91 /* Card.swift */; };
		E30C55F4216675B000366F91 /* Grid.swift in Sources */ = {isa = PBXBuildFile; fileRef = E30C55F3216675B000366F91 /* Grid.swift */; };
		E3B953B12165D39A0033034E /* Illustration.swift in Sources */ = {isa = PBXBuildFile; fileRef = E3B953B02165D39A0033034E /* Illustration.swift */; };
		E3E6688C21664A75000CE555 /* CardsGridView.swift in Sources */ = {isa = PBXBuildFile; fileRef = E3E6688B21664A75000CE555 /* CardsGridView.swift */; };
/* End PBXBuildFile section */

/* Begin PBXFileReference section */
		E30673272165028C0000161A /* setGraphics.app */ = {isa = PBXFileReference; explicitFileType = wrapper.application; includeInIndex = 0; path = setGraphics.app; sourceTree = BUILT_PRODUCTS_DIR; };
		E306732A2165028C0000161A /* AppDelegate.swift */ = {isa = PBXFileReference; lastKnownFileType = sourcecode.swift; path = AppDelegate.swift; sourceTree = "<group>"; };
		E306732C2165028C0000161A /* ViewController.swift */ = {isa = PBXFileReference; lastKnownFileType = sourcecode.swift; path = ViewController.swift; sourceTree = "<group>"; };
		E306732F2165028C0000161A /* Base */ = {isa = PBXFileReference; lastKnownFileType = file.storyboard; name = Base; path = Base.lproj/Main.storyboard; sourceTree = "<group>"; };
		E30673312165028D0000161A /* Assets.xcassets */ = {isa = PBXFileReference; lastKnownFileType = folder.assetcatalog; path = Assets.xcassets; sourceTree = "<group>"; };
		E30673342165028D0000161A /* Base */ = {isa = PBXFileReference; lastKnownFileType = file.storyboard; name = Base; path = Base.lproj/LaunchScreen.storyboard; sourceTree = "<group>"; };
		E30673362165028D0000161A /* Info.plist */ = {isa = PBXFileReference; lastKnownFileType = text.plist.xml; path = Info.plist; sourceTree = "<group>"; };
		E306733C216502E80000161A /* CardView.swift */ = {isa = PBXFileReference; lastKnownFileType = sourcecode.swift; path = CardView.swift; sourceTree = "<group>"; };
		E30C55EF2166599100366F91 /* Game.swift */ = {isa = PBXFileReference; fileEncoding = 4; lastKnownFileType = sourcecode.swift; path = Game.swift; sourceTree = "<group>"; };
		E30C55F02166599100366F91 /* Card.swift */ = {isa = PBXFileReference; fileEncoding = 4; lastKnownFileType = sourcecode.swift; path = Card.swift; sourceTree = "<group>"; };
		E30C55F3216675B000366F91 /* Grid.swift */ = {isa = PBXFileReference; fileEncoding = 4; lastKnownFileType = sourcecode.swift; path = Grid.swift; sourceTree = "<group>"; };
		E3B953B02165D39A0033034E /* Illustration.swift */ = {isa = PBXFileReference; lastKnownFileType = sourcecode.swift; path = Illustration.swift; sourceTree = "<group>"; };
		E3E6688B21664A75000CE555 /* CardsGridView.swift */ = {isa = PBXFileReference; lastKnownFileType = sourcecode.swift; path = CardsGridView.swift; sourceTree = "<group>"; };
/* End PBXFileReference section */

/* Begin PBXFrameworksBuildPhase section */
		E30673242165028C0000161A /* Frameworks */ = {
			isa = PBXFrameworksBuildPhase;
			buildActionMask = 2147483647;
			files = (
			);
			runOnlyForDeploymentPostprocessing = 0;
		};
/* End PBXFrameworksBuildPhase section */

/* Begin PBXGroup section */
		E306731E2165028C0000161A = {
			isa = PBXGroup;
			children = (
				E30673292165028C0000161A /* setGraphics */,
				E30673282165028C0000161A /* Products */,
			);
			sourceTree = "<group>";
		};
		E30673282165028C0000161A /* Products */ = {
			isa = PBXGroup;
			children = (
				E30673272165028C0000161A /* setGraphics.app */,
			);
			name = Products;
			sourceTree = "<group>";
		};
		E30673292165028C0000161A /* setGraphics */ = {
			isa = PBXGroup;
			children = (
				E306732A2165028C0000161A /* AppDelegate.swift */,
				E306732E2165028C0000161A /* Main.storyboard */,
				E3B953B02165D39A0033034E /* Illustration.swift */,
				E306733C216502E80000161A /* CardView.swift */,
				E3E6688B21664A75000CE555 /* CardsGridView.swift */,
				E306732C2165028C0000161A /* ViewController.swift */,
				E30C55F02166599100366F91 /* Card.swift */,
				E30C55EF2166599100366F91 /* Game.swift */,
				E30C55F3216675B000366F91 /* Grid.swift */,
				E30673312165028D0000161A /* Assets.xcassets */,
				E30673332165028D0000161A /* LaunchScreen.storyboard */,
				E30673362165028D0000161A /* Info.plist */,
			);
			path = setGraphics;
			sourceTree = "<group>";
		};
/* End PBXGroup section */

/* Begin PBXNativeTarget section */
		E30673262165028C0000161A /* setGraphics */ = {
			isa = PBXNativeTarget;
			buildConfigurationList = E30673392165028D0000161A /* Build configuration list for PBXNativeTarget "setGraphics" */;
			buildPhases = (
				E30673232165028C0000161A /* Sources */,
				E30673242165028C0000161A /* Frameworks */,
				E30673252165028C0000161A /* Resources */,
			);
			buildRules = (
			);
			dependencies = (
			);
			name = setGraphics;
			productName = setGraphics;
			productReference = E30673272165028C0000161A /* setGraphics.app */;
			productType = "com.apple.product-type.application";
		};
/* End PBXNativeTarget section */

/* Begin PBXProject section */
		E306731F2165028C0000161A /* Project object */ = {
			isa = PBXProject;
			attributes = {
				LastSwiftUpdateCheck = 1000;
				LastUpgradeCheck = 1000;
				ORGANIZATIONNAME = Geekskool;
				TargetAttributes = {
					E30673262165028C0000161A = {
						CreatedOnToolsVersion = 10.0;
					};
				};
			};
			buildConfigurationList = E30673222165028C0000161A /* Build configuration list for PBXProject "setGraphics" */;
			compatibilityVersion = "Xcode 9.3";
			developmentRegion = en;
			hasScannedForEncodings = 0;
			knownRegions = (
				en,
				Base,
			);
			mainGroup = E306731E2165028C0000161A;
			productRefGroup = E30673282165028C0000161A /* Products */;
			projectDirPath = "";
			projectRoot = "";
			targets = (
				E30673262165028C0000161A /* setGraphics */,
			);
		};
/* End PBXProject section */

/* Begin PBXResourcesBuildPhase section */
		E30673252165028C0000161A /* Resources */ = {
			isa = PBXResourcesBuildPhase;
			buildActionMask = 2147483647;
			files = (
				E30673352165028D0000161A /* LaunchScreen.storyboard in Resources */,
				E30673322165028D0000161A /* Assets.xcassets in Resources */,
				E30673302165028C0000161A /* Main.storyboard in Resources */,
			);
			runOnlyForDeploymentPostprocessing = 0;
		};
/* End PBXResourcesBuildPhase section */

/* Begin PBXSourcesBuildPhase section */
		E30673232165028C0000161A /* Sources */ = {
			isa = PBXSourcesBuildPhase;
			buildActionMask = 2147483647;
			files = (
				E306733D216502E80000161A /* CardView.swift in Sources */,
				E30C55F12166599100366F91 /* Game.swift in Sources */,
				E30C55F22166599100366F91 /* Card.swift in Sources */,
				E30C55F4216675B000366F91 /* Grid.swift in Sources */,
				E306732D2165028C0000161A /* ViewController.swift in Sources */,
				E306732B2165028C0000161A /* AppDelegate.swift in Sources */,
				E3E6688C21664A75000CE555 /* CardsGridView.swift in Sources */,
				E3B953B12165D39A0033034E /* Illustration.swift in Sources */,
			);
			runOnlyForDeploymentPostprocessing = 0;
		};
/* End PBXSourcesBuildPhase section */

/* Begin PBXVariantGroup section */
		E306732E2165028C0000161A /* Main.storyboard */ = {
			isa = PBXVariantGroup;
			children = (
				E306732F2165028C0000161A /* Base */,
			);
			name = Main.storyboard;
			sourceTree = "<group>";
		};
		E30673332165028D0000161A /* LaunchScreen.storyboard */ = {
			isa = PBXVariantGroup;
			children = (
				E30673342165028D0000161A /* Base */,
			);
			name = LaunchScreen.storyboard;
			sourceTree = "<group>";
		};
/* End PBXVariantGroup section */

/* Begin XCBuildConfiguration section */
		E30673372165028D0000161A /* Debug */ = {
			isa = XCBuildConfiguration;
			buildSettings = {
				ALWAYS_SEARCH_USER_PATHS = NO;
				CLANG_ANALYZER_NONNULL = YES;
				CLANG_ANALYZER_NUMBER_OBJECT_CONVERSION = YES_AGGRESSIVE;
				CLANG_CXX_LANGUAGE_STANDARD = "gnu++14";
				CLANG_CXX_LIBRARY = "libc++";
				CLANG_ENABLE_MODULES = YES;
				CLANG_ENABLE_OBJC_ARC = YES;
				CLANG_ENABLE_OBJC_WEAK = YES;
				CLANG_WARN_BLOCK_CAPTURE_AUTORELEASING = YES;
				CLANG_WARN_BOOL_CONVERSION = YES;
				CLANG_WARN_COMMA = YES;
				CLANG_WARN_CONSTANT_CONVERSION = YES;
				CLANG_WARN_DEPRECATED_OBJC_IMPLEMENTATIONS = YES;
				CLANG_WARN_DIRECT_OBJC_ISA_USAGE = YES_ERROR;
				CLANG_WARN_DOCUMENTATION_COMMENTS = YES;
				CLANG_WARN_EMPTY_BODY = YES;
				CLANG_WARN_ENUM_CONVERSION = YES;
				CLANG_WARN_INFINITE_RECURSION = YES;
				CLANG_WARN_INT_CONVERSION = YES;
				CLANG_WARN_NON_LITERAL_NULL_CONVERSION = YES;
				CLANG_WARN_OBJC_IMPLICIT_RETAIN_SELF = YES;
				CLANG_WARN_OBJC_LITERAL_CONVERSION = YES;
				CLANG_WARN_OBJC_ROOT_CLASS = YES_ERROR;
				CLANG_WARN_RANGE_LOOP_ANALYSIS = YES;
				CLANG_WARN_STRICT_PROTOTYPES = YES;
				CLANG_WARN_SUSPICIOUS_MOVE = YES;
				CLANG_WARN_UNGUARDED_AVAILABILITY = YES_AGGRESSIVE;
				CLANG_WARN_UNREACHABLE_CODE = YES;
				CLANG_WARN__DUPLICATE_METHOD_MATCH = YES;
				CODE_SIGN_IDENTITY = "iPhone Developer";
				COPY_PHASE_STRIP = NO;
				DEBUG_INFORMATION_FORMAT = dwarf;
				ENABLE_STRICT_OBJC_MSGSEND = YES;
				ENABLE_TESTABILITY = YES;
				GCC_C_LANGUAGE_STANDARD = gnu11;
				GCC_DYNAMIC_NO_PIC = NO;
				GCC_NO_COMMON_BLOCKS = YES;
				GCC_OPTIMIZATION_LEVEL = 0;
				GCC_PREPROCESSOR_DEFINITIONS = (
					"DEBUG=1",
					"$(inherited)",
				);
				GCC_WARN_64_TO_32_BIT_CONVERSION = YES;
				GCC_WARN_ABOUT_RETURN_TYPE = YES_ERROR;
				GCC_WARN_UNDECLARED_SELECTOR = YES;
				GCC_WARN_UNINITIALIZED_AUTOS = YES_AGGRESSIVE;
				GCC_WARN_UNUSED_FUNCTION = YES;
				GCC_WARN_UNUSED_VARIABLE = YES;
				IPHONEOS_DEPLOYMENT_TARGET = 12.0;
				MTL_ENABLE_DEBUG_INFO = INCLUDE_SOURCE;
				MTL_FAST_MATH = YES;
				ONLY_ACTIVE_ARCH = YES;
				SDKROOT = iphoneos;
				SWIFT_ACTIVE_COMPILATION_CONDITIONS = DEBUG;
				SWIFT_OPTIMIZATION_LEVEL = "-Onone";
			};
			name = Debug;
		};
		E30673382165028D0000161A /* Release */ = {
			isa = XCBuildConfiguration;
			buildSettings = {
				ALWAYS_SEARCH_USER_PATHS = NO;
				CLANG_ANALYZER_NONNULL = YES;
				CLANG_ANALYZER_NUMBER_OBJECT_CONVERSION = YES_AGGRESSIVE;
				CLANG_CXX_LANGUAGE_STANDARD = "gnu++14";
				CLANG_CXX_LIBRARY = "libc++";
				CLANG_ENABLE_MODULES = YES;
				CLANG_ENABLE_OBJC_ARC = YES;
				CLANG_ENABLE_OBJC_WEAK = YES;
				CLANG_WARN_BLOCK_CAPTURE_AUTORELEASING = YES;
				CLANG_WARN_BOOL_CONVERSION = YES;
				CLANG_WARN_COMMA = YES;
				CLANG_WARN_CONSTANT_CONVERSION = YES;
				CLANG_WARN_DEPRECATED_OBJC_IMPLEMENTATIONS = YES;
				CLANG_WARN_DIRECT_OBJC_ISA_USAGE = YES_ERROR;
				CLANG_WARN_DOCUMENTATION_COMMENTS = YES;
				CLANG_WARN_EMPTY_BODY = YES;
				CLANG_WARN_ENUM_CONVERSION = YES;
				CLANG_WARN_INFINITE_RECURSION = YES;
				CLANG_WARN_INT_CONVERSION = YES;
				CLANG_WARN_NON_LITERAL_NULL_CONVERSION = YES;
				CLANG_WARN_OBJC_IMPLICIT_RETAIN_SELF = YES;
				CLANG_WARN_OBJC_LITERAL_CONVERSION = YES;
				CLANG_WARN_OBJC_ROOT_CLASS = YES_ERROR;
				CLANG_WARN_RANGE_LOOP_ANALYSIS = YES;
				CLANG_WARN_STRICT_PROTOTYPES = YES;
				CLANG_WARN_SUSPICIOUS_MOVE = YES;
				CLANG_WARN_UNGUARDED_AVAILABILITY = YES_AGGRESSIVE;
				CLANG_WARN_UNREACHABLE_CODE = YES;
				CLANG_WARN__DUPLICATE_METHOD_MATCH = YES;
				CODE_SIGN_IDENTITY = "iPhone Developer";
				COPY_PHASE_STRIP = NO;
				DEBUG_INFORMATION_FORMAT = "dwarf-with-dsym";
				ENABLE_NS_ASSERTIONS = NO;
				ENABLE_STRICT_OBJC_MSGSEND = YES;
				GCC_C_LANGUAGE_STANDARD = gnu11;
				GCC_NO_COMMON_BLOCKS = YES;
				GCC_WARN_64_TO_32_BIT_CONVERSION = YES;
				GCC_WARN_ABOUT_RETURN_TYPE = YES_ERROR;
				GCC_WARN_UNDECLARED_SELECTOR = YES;
				GCC_WARN_UNINITIALIZED_AUTOS = YES_AGGRESSIVE;
				GCC_WARN_UNUSED_FUNCTION = YES;
				GCC_WARN_UNUSED_VARIABLE = YES;
				IPHONEOS_DEPLOYMENT_TARGET = 12.0;
				MTL_ENABLE_DEBUG_INFO = NO;
				MTL_FAST_MATH = YES;
				SDKROOT = iphoneos;
				SWIFT_COMPILATION_MODE = wholemodule;
				SWIFT_OPTIMIZATION_LEVEL = "-O";
				VALIDATE_PRODUCT = YES;
			};
			name = Release;
		};
		E306733A2165028D0000161A /* Debug */ = {
			isa = XCBuildConfiguration;
			buildSettings = {
				ASSETCATALOG_COMPILER_APPICON_NAME = AppIcon;
				CODE_SIGN_STYLE = Automatic;
				DEVELOPMENT_TEAM = 39XR5PLW4B;
				INFOPLIST_FILE = setGraphics/Info.plist;
				LD_RUNPATH_SEARCH_PATHS = (
					"$(inherited)",
					"@executable_path/Frameworks",
				);
				PRODUCT_BUNDLE_IDENTIFIER = com.geekskool.cs193p.setGraphics;
				PRODUCT_NAME = "$(TARGET_NAME)";
				SWIFT_VERSION = 4.2;
				TARGETED_DEVICE_FAMILY = "1,2";
			};
			name = Debug;
		};
		E306733B2165028D0000161A /* Release */ = {
			isa = XCBuildConfiguration;
			buildSettings = {
				ASSETCATALOG_COMPILER_APPICON_NAME = AppIcon;
				CODE_SIGN_STYLE = Automatic;
				DEVELOPMENT_TEAM = 39XR5PLW4B;
				INFOPLIST_FILE = setGraphics/Info.plist;
				LD_RUNPATH_SEARCH_PATHS = (
					"$(inherited)",
					"@executable_path/Frameworks",
				);
				PRODUCT_BUNDLE_IDENTIFIER = com.geekskool.cs193p.setGraphics;
				PRODUCT_NAME = "$(TARGET_NAME)";
				SWIFT_VERSION = 4.2;
				TARGETED_DEVICE_FAMILY = "1,2";
			};
			name = Release;
		};
/* End XCBuildConfiguration section */

/* Begin XCConfigurationList section */
		E30673222165028C0000161A /* Build configuration list for PBXProject "setGraphics" */ = {
			isa = XCConfigurationList;
			buildConfigurations = (
				E30673372165028D0000161A /* Debug */,
				E30673382165028D0000161A /* Release */,
			);
			defaultConfigurationIsVisible = 0;
			defaultConfigurationName = Release;
		};
		E30673392165028D0000161A /* Build configuration list for PBXNativeTarget "setGraphics" */ = {
			isa = XCConfigurationList;
			buildConfigurations = (
				E306733A2165028D0000161A /* Debug */,
				E306733B2165028D0000161A /* Release */,
			);
			defaultConfigurationIsVisible = 0;
			defaultConfigurationName = Release;
		};
/* End XCConfigurationList section */
	};
	rootObject = E306731F2165028C0000161A /* Project object */;
}
